
Microsoft Visual Studio Solution File, Format Version 12.00
# Visual Studio Version 17
VisualStudioVersion = 17.13.35919.96
MinimumVisualStudioVersion = 10.0.40219.1
Project("{FAE04EC0-301F-11D3-BF4B-00C04F79EFBC}") = "AdminDashboard.API", "AdminDashboard.API\AdminDashboard.API.csproj", "{E38A2336-155F-4254-A3F5-7FC142A9E929}"
EndProject
Project("{FAE04EC0-301F-11D3-BF4B-00C04F79EFBC}") = "AdminDashboard.Entity", "AdminDashboard.Entity\AdminDashboard.Entity.csproj", "{B9084BDC-73E7-4603-96DD-A22076851F7B}"
EndProject
Project("{FAE04EC0-301F-11D3-BF4B-00C04F79EFBC}") = "AdminDashboard.Repository", "AdminDashboard.Repository\AdminDashboard.Repository.csproj", "{90C3E1FB-BA3D-42DC-8588-BB6BD25ACA97}"
EndProject
Project("{FAE04EC0-301F-11D3-BF4B-00C04F79EFBC}") = "AdminDashboard.Contracts", "AdminDashboard.Contracts\AdminDashboard.Contracts.csproj", "{AF8BC138-871F-4D7C-B948-A9BF531ADC47}"
EndProject
Project("{FAE04EC0-301F-11D3-BF4B-00C04F79EFBC}") = "AdminDashboard.ExchangeService", "AdminDashboard.ExchangeService\AdminDashboard.ExchangeService.csproj", "{F7D42528-9D18-4F60-A9D0-FC6ABFD1E9D3}"
EndProject
Project("{FAE04EC0-301F-11D3-BF4B-00C04F79EFBC}") = "AdminDashboard.ExchangeService.Sdk", "AdminDashboard.ExchangeService.Sdk\AdminDashboard.ExchangeService.Sdk.csproj", "{732D43F3-ABDB-45E6-AA5A-F25D1B4A1D94}"
EndProject
Project("{FAE04EC0-301F-11D3-BF4B-00C04F79EFBC}") = "AdminDashboard.API.Remote", "AdminDashboard.API.Remote\AdminDashboard.API.Remote.csproj", "{DD65F20A-0878-435A-B99D-20C04609477F}"
EndProject
Global
	GlobalSection(SolutionConfigurationPlatforms) = preSolution
		Debug|Any CPU = Debug|Any CPU
		Release|Any CPU = Release|Any CPU
	EndGlobalSection
	GlobalSection(ProjectConfigurationPlatforms) = postSolution
		{E38A2336-155F-4254-A3F5-7FC142A9E929}.Debug|Any CPU.ActiveCfg = Debug|Any CPU
		{E38A2336-155F-4254-A3F5-7FC142A9E929}.Debug|Any CPU.Build.0 = Debug|Any CPU
		{E38A2336-155F-4254-A3F5-7FC142A9E929}.Release|Any CPU.ActiveCfg = Release|Any CPU
		{E38A2336-155F-4254-A3F5-7FC142A9E929}.Release|Any CPU.Build.0 = Release|Any CPU
		{B9084BDC-73E7-4603-96DD-A22076851F7B}.Debug|Any CPU.ActiveCfg = Debug|Any CPU
		{B9084BDC-73E7-4603-96DD-A22076851F7B}.Debug|Any CPU.Build.0 = Debug|Any CPU
		{B9084BDC-73E7-4603-96DD-A22076851F7B}.Release|Any CPU.ActiveCfg = Release|Any CPU
		{B9084BDC-73E7-4603-96DD-A22076851F7B}.Release|Any CPU.Build.0 = Release|Any CPU
		{90C3E1FB-BA3D-42DC-8588-BB6BD25ACA97}.Debug|Any CPU.ActiveCfg = Debug|Any CPU
		{90C3E1FB-BA3D-42DC-8588-BB6BD25ACA97}.Debug|Any CPU.Build.0 = Debug|Any CPU
		{90C3E1FB-BA3D-42DC-8588-BB6BD25ACA97}.Release|Any CPU.ActiveCfg = Release|Any CPU
		{90C3E1FB-BA3D-42DC-8588-BB6BD25ACA97}.Release|Any CPU.Build.0 = Release|Any CPU
		{AF8BC138-871F-4D7C-B948-A9BF531ADC47}.Debug|Any CPU.ActiveCfg = Debug|Any CPU
		{AF8BC138-871F-4D7C-B948-A9BF531ADC47}.Debug|Any CPU.Build.0 = Debug|Any CPU
		{AF8BC138-871F-4D7C-B948-A9BF531ADC47}.Release|Any CPU.ActiveCfg = Release|Any CPU
		{AF8BC138-871F-4D7C-B948-A9BF531ADC47}.Release|Any CPU.Build.0 = Release|Any CPU
		{F7D42528-9D18-4F60-A9D0-FC6ABFD1E9D3}.Debug|Any CPU.ActiveCfg = Debug|Any CPU
		{F7D42528-9D18-4F60-A9D0-FC6ABFD1E9D3}.Debug|Any CPU.Build.0 = Debug|Any CPU
		{F7D42528-9D18-4F60-A9D0-FC6ABFD1E9D3}.Release|Any CPU.ActiveCfg = Release|Any CPU
		{F7D42528-9D18-4F60-A9D0-FC6ABFD1E9D3}.Release|Any CPU.Build.0 = Release|Any CPU
		{732D43F3-ABDB-45E6-AA5A-F25D1B4A1D94}.Debug|Any CPU.ActiveCfg = Debug|Any CPU
		{732D43F3-ABDB-45E6-AA5A-F25D1B4A1D94}.Debug|Any CPU.Build.0 = Debug|Any CPU
		{732D43F3-ABDB-45E6-AA5A-F25D1B4A1D94}.Release|Any CPU.ActiveCfg = Release|Any CPU
		{732D43F3-ABDB-45E6-AA5A-F25D1B4A1D94}.Release|Any CPU.Build.0 = Release|Any CPU
		{DD65F20A-0878-435A-B99D-20C04609477F}.Debug|Any CPU.ActiveCfg = Debug|Any CPU
		{DD65F20A-0878-435A-B99D-20C04609477F}.Debug|Any CPU.Build.0 = Debug|Any CPU
		{DD65F20A-0878-435A-B99D-20C04609477F}.Release|Any CPU.ActiveCfg = Release|Any CPU
		{DD65F20A-0878-435A-B99D-20C04609477F}.Release|Any CPU.Build.0 = Release|Any CPU
	EndGlobalSection
	GlobalSection(SolutionProperties) = preSolution
		HideSolutionNode = FALSE
	EndGlobalSection
	GlobalSection(ExtensibilityGlobals) = postSolution
		SolutionGuid = {A9C6AAAE-4D91-468A-9D3B-5362E554370A}
	EndGlobalSection
EndGlobal
